// !$*UTF8*$!
{
	archiveVersion = 1;
	classes = {
	};
	objectVersion = 46;
	objects = {

/* Begin PBXBuildFile section */
		6934D6E81C7D226700253C3E /* AppDelegate.swift in Sources */ = {isa = PBXBuildFile; fileRef = 6934D6E71C7D226700253C3E /* AppDelegate.swift */; };
		6934D6EA1C7D226700253C3E /* ViewController.swift in Sources */ = {isa = PBXBuildFile; fileRef = 6934D6E91C7D226700253C3E /* ViewController.swift */; };
		6934D6ED1C7D226700253C3E /* Main.storyboard in Resources */ = {isa = PBXBuildFile; fileRef = 6934D6EB1C7D226700253C3E /* Main.storyboard */; };
		6934D6EF1C7D226700253C3E /* Assets.xcassets in Resources */ = {isa = PBXBuildFile; fileRef = 6934D6EE1C7D226700253C3E /* Assets.xcassets */; };
		6934D6F21C7D226700253C3E /* LaunchScreen.storyboard in Resources */ = {isa = PBXBuildFile; fileRef = 6934D6F01C7D226700253C3E /* LaunchScreen.storyboard */; };
		69E37CED1C81992000109E60 /* PairsViewController.swift in Sources */ = {isa = PBXBuildFile; fileRef = 69E37CEC1C81992000109E60 /* PairsViewController.swift */; };
/* End PBXBuildFile section */

/* Begin PBXFileReference section */
		6934D6E41C7D226700253C3E /* HW 4.app */ = {isa = PBXFileReference; explicitFileType = wrapper.application; includeInIndex = 0; path = "HW 4.app"; sourceTree = BUILT_PRODUCTS_DIR; };
		6934D6E71C7D226700253C3E /* AppDelegate.swift */ = {isa = PBXFileReference; lastKnownFileType = sourcecode.swift; path = AppDelegate.swift; sourceTree = "<group>"; };
		6934D6E91C7D226700253C3E /* ViewController.swift */ = {isa = PBXFileReference; lastKnownFileType = sourcecode.swift; path = ViewController.swift; sourceTree = "<group>"; };
		6934D6EC1C7D226700253C3E /* Base */ = {isa = PBXFileReference; lastKnownFileType = file.storyboard; name = Base; path = Base.lproj/Main.storyboard; sourceTree = "<group>"; };
		6934D6EE1C7D226700253C3E /* Assets.xcassets */ = {isa = PBXFileReference; lastKnownFileType = folder.assetcatalog; path = Assets.xcassets; sourceTree = "<group>"; };
		6934D6F11C7D226700253C3E /* Base */ = {isa = PBXFileReference; lastKnownFileType = file.storyboard; name = Base; path = Base.lproj/LaunchScreen.storyboard; sourceTree = "<group>"; };
		6934D6F31C7D226700253C3E /* Info.plist */ = {isa = PBXFileReference; lastKnownFileType = text.plist.xml; path = Info.plist; sourceTree = "<group>"; };
		69E37CEC1C81992000109E60 /* PairsViewController.swift */ = {isa = PBXFileReference; fileEncoding = 4; lastKnownFileType = sourcecode.swift; path = PairsViewController.swift; sourceTree = "<group>"; };
/* End PBXFileReference section */

/* Begin PBXFrameworksBuildPhase section */
		6934D6E11C7D226700253C3E /* Frameworks */ = {
			isa = PBXFrameworksBuildPhase;
			buildActionMask = 2147483647;
			files = (
			);
			runOnlyForDeploymentPostprocessing = 0;
		};
/* End PBXFrameworksBuildPhase section */

/* Begin PBXGroup section */
		6934D6DB1C7D226700253C3E = {
			isa = PBXGroup;
			children = (
				6934D6E61C7D226700253C3E /* HW 4 */,
				6934D6E51C7D226700253C3E /* Products */,
			);
			sourceTree = "<group>";
		};
		6934D6E51C7D226700253C3E /* Products */ = {
			isa = PBXGroup;
			children = (
				6934D6E41C7D226700253C3E /* HW 4.app */,
			);
			name = Products;
			sourceTree = "<group>";
		};
		6934D6E61C7D226700253C3E /* HW 4 */ = {
			isa = PBXGroup;
			children = (
				6934D6E71C7D226700253C3E /* AppDelegate.swift */,
				6934D6E91C7D226700253C3E /* ViewController.swift */,
				6934D6EB1C7D226700253C3E /* Main.storyboard */,
				69E37CEC1C81992000109E60 /* PairsViewController.swift */,
				6934D6EE1C7D226700253C3E /* Assets.xcassets */,
				6934D6F01C7D226700253C3E /* LaunchScreen.storyboard */,
				6934D6F31C7D226700253C3E /* Info.plist */,
			);
			path = "HW 4";
			sourceTree = "<group>";
		};
/* End PBXGroup section */

/* Begin PBXNativeTarget section */
		6934D6E31C7D226700253C3E /* HW 4 */ = {
			isa = PBXNativeTarget;
			buildConfigurationList = 6934D6F61C7D226700253C3E /* Build configuration list for PBXNativeTarget "HW 4" */;
			buildPhases = (
				6934D6E01C7D226700253C3E /* Sources */,
				6934D6E11C7D226700253C3E /* Frameworks */,
				6934D6E21C7D226700253C3E /* Resources */,
			);
			buildRules = (
			);
			dependencies = (
			);
			name = "HW 4";
			productName = "HW 4";
			productReference = 6934D6E41C7D226700253C3E /* HW 4.app */;
			productType = "com.apple.product-type.application";
		};
/* End PBXNativeTarget section */

/* Begin PBXProject section */
		6934D6DC1C7D226700253C3E /* Project object */ = {
			isa = PBXProject;
			attributes = {
				LastSwiftUpdateCheck = 0720;
				LastUpgradeCheck = 0720;
				ORGANIZATIONNAME = "Jay Shah";
				TargetAttributes = {
					6934D6E31C7D226700253C3E = {
						CreatedOnToolsVersion = 7.2.1;
						DevelopmentTeam = 96LATWH4DR;
					};
				};
			};
			buildConfigurationList = 6934D6DF1C7D226700253C3E /* Build configuration list for PBXProject "HW 4" */;
			compatibilityVersion = "Xcode 3.2";
			developmentRegion = English;
			hasScannedForEncodings = 0;
			knownRegions = (
				en,
				Base,
			);
			mainGroup = 6934D6DB1C7D226700253C3E;
			productRefGroup = 6934D6E51C7D226700253C3E /* Products */;
			projectDirPath = "";
			projectRoot = "";
			targets = (
				6934D6E31C7D226700253C3E /* HW 4 */,
			);
		};
/* End PBXProject section */

/* Begin PBXResourcesBuildPhase section */
		6934D6E21C7D226700253C3E /* Resources */ = {
			isa = PBXResourcesBuildPhase;
			buildActionMask = 2147483647;
			files = (
				6934D6F21C7D226700253C3E /* LaunchScreen.storyboard in Resources */,
				6934D6EF1C7D226700253C3E /* Assets.xcassets in Resources */,
				6934D6ED1C7D226700253C3E /* Main.storyboard in Resources */,
			);
			runOnlyForDeploymentPostprocessing = 0;
		};
/* End PBXResourcesBuildPhase section */

/* Begin PBXSourcesBuildPhase section */
		6934D6E01C7D226700253C3E /* Sources */ = {
			isa = PBXSourcesBuildPhase;
			buildActionMask = 2147483647;
			files = (
				6934D6EA1C7D226700253C3E /* ViewController.swift in Sources */,
				69E37CED1C81992000109E60 /* PairsViewController.swift in Sources */,
				6934D6E81C7D226700253C3E /* AppDelegate.swift in Sources */,
			);
			runOnlyForDeploymentPostprocessing = 0;
		};
/* End PBXSourcesBuildPhase section */

/* Begin PBXVariantGroup section */
		6934D6EB1C7D226700253C3E /* Main.storyboard */ = {
			isa = PBXVariantGroup;
			children = (
				6934D6EC1C7D226700253C3E /* Base */,
			);
			name = Main.storyboard;
			sourceTree = "<group>";
		};
		6934D6F01C7D226700253C3E /* LaunchScreen.storyboard */ = {
			isa = PBXVariantGroup;
			children = (
				6934D6F11C7D226700253C3E /* Base */,
			);
			name = LaunchScreen.storyboard;
			sourceTree = "<group>";
		};
/* End PBXVariantGroup section */

/* Begin XCBuildConfiguration section */
		6934D6F41C7D226700253C3E /* Debug */ = {
			isa = XCBuildConfiguration;
			buildSettings = {
				ALWAYS_SEARCH_USER_PATHS = NO;
				CLANG_CXX_LANGUAGE_STANDARD = "gnu++0x";
				CLANG_CXX_LIBRARY = "libc++";
				CLANG_ENABLE_MODULES = YES;
				CLANG_ENABLE_OBJC_ARC = YES;
				CLANG_WARN_BOOL_CONVERSION = YES;
				CLANG_WARN_CONSTANT_CONVERSION = YES;
				CLANG_WARN_DIRECT_OBJC_ISA_USAGE = YES_ERROR;
				CLANG_WARN_EMPTY_BODY = YES;
				CLANG_WARN_ENUM_CONVERSION = YES;
				CLANG_WARN_INT_CONVERSION = YES;
				CLANG_WARN_OBJC_ROOT_CLASS = YES_ERROR;
				CLANG_WARN_UNREACHABLE_CODE = YES;
				CLANG_WARN__DUPLICATE_METHOD_MATCH = YES;
				"CODE_SIGN_IDENTITY[sdk=iphoneos*]" = "iPhone Developer";
				COPY_PHASE_STRIP = NO;
				DEBUG_INFORMATION_FORMAT = dwarf;
				ENABLE_STRICT_OBJC_MSGSEND = YES;
				ENABLE_TESTABILITY = YES;
				GCC_C_LANGUAGE_STANDARD = gnu99;
				GCC_DYNAMIC_NO_PIC = NO;
				GCC_NO_COMMON_BLOCKS = YES;
				GCC_OPTIMIZATION_LEVEL = 0;
				GCC_PREPROCESSOR_DEFINITIONS = (
					"DEBUG=1",
					"$(inherited)",
				);
				GCC_WARN_64_TO_32_BIT_CONVERSION = YES;
				GCC_WARN_ABOUT_RETURN_TYPE = YES_ERROR;
				GCC_WARN_UNDECLARED_SELECTOR = YES;
				GCC_WARN_UNINITIALIZED_AUTOS = YES_AGGRESSIVE;
				GCC_WARN_UNUSED_FUNCTION = YES;
				GCC_WARN_UNUSED_VARIABLE = YES;
				IPHONEOS_DEPLOYMENT_TARGET = 9.2;
				MTL_ENABLE_DEBUG_INFO = YES;
				ONLY_ACTIVE_ARCH = YES;
				SDKROOT = iphoneos;
				SWIFT_OPTIMIZATION_LEVEL = "-Onone";
				TARGETED_DEVICE_FAMILY = "1,2";
			};
			name = Debug;
		};
		6934D6F51C7D226700253C3E /* Release */ = {
			isa = XCBuildConfiguration;
			buildSettings = {
				ALWAYS_SEARCH_USER_PATHS = NO;
				CLANG_CXX_LANGUAGE_STANDARD = "gnu++0x";
				CLANG_CXX_LIBRARY = "libc++";
				CLANG_ENABLE_MODULES = YES;
				CLANG_ENABLE_OBJC_ARC = YES;
				CLANG_WARN_BOOL_CONVERSION = YES;
				CLANG_WARN_CONSTANT_CONVERSION = YES;
				CLANG_WARN_DIRECT_OBJC_ISA_USAGE = YES_ERROR;
				CLANG_WARN_EMPTY_BODY = YES;
				CLANG_WARN_ENUM_CONVERSION = YES;
				CLANG_WARN_INT_CONVERSION = YES;
				CLANG_WARN_OBJC_ROOT_CLASS = YES_ERROR;
				CLANG_WARN_UNREACHABLE_CODE = YES;
				CLANG_WARN__DUPLICATE_METHOD_MATCH = YES;
				"CODE_SIGN_IDENTITY[sdk=iphoneos*]" = "iPhone Developer";
				COPY_PHASE_STRIP = NO;
				DEBUG_INFORMATION_FORMAT = "dwarf-with-dsym";
				ENABLE_NS_ASSERTIONS = NO;
				ENABLE_STRICT_OBJC_MSGSEND = YES;
				GCC_C_LANGUAGE_STANDARD = gnu99;
				GCC_NO_COMMON_BLOCKS = YES;
				GCC_WARN_64_TO_32_BIT_CONVERSION = YES;
				GCC_WARN_ABOUT_RETURN_TYPE = YES_ERROR;
				GCC_WARN_UNDECLARED_SELECTOR = YES;
				GCC_WARN_UNINITIALIZED_AUTOS = YES_AGGRESSIVE;
				GCC_WARN_UNUSED_FUNCTION = YES;
				GCC_WARN_UNUSED_VARIABLE = YES;
				IPHONEOS_DEPLOYMENT_TARGET = 9.2;
				MTL_ENABLE_DEBUG_INFO = NO;
				SDKROOT = iphoneos;
				TARGETED_DEVICE_FAMILY = "1,2";
				VALIDATE_PRODUCT = YES;
			};
			name = Release;
		};
		6934D6F71C7D226700253C3E /* Debug */ = {
			isa = XCBuildConfiguration;
			buildSettings = {
				ASSETCATALOG_COMPILER_APPICON_NAME = AppIcon;
				INFOPLIST_FILE = "HW 4/Info.plist";
				LD_RUNPATH_SEARCH_PATHS = "$(inherited) @executable_path/Frameworks";
				PRODUCT_BUNDLE_IDENTIFIER = "JS.HW-4";
				PRODUCT_NAME = "$(TARGET_NAME)";
			};
			name = Debug;
		};
		6934D6F81C7D226700253C3E /* Release */ = {
			isa = XCBuildConfiguration;
			buildSettings = {
				ASSETCATALOG_COMPILER_APPICON_NAME = AppIcon;
				INFOPLIST_FILE = "HW 4/Info.plist";
				LD_RUNPATH_SEARCH_PATHS = "$(inherited) @executable_path/Frameworks";
				PRODUCT_BUNDLE_IDENTIFIER = "JS.HW-4";
				PRODUCT_NAME = "$(TARGET_NAME)";
			};
			name = Release;
		};
/* End XCBuildConfiguration section */

/* Begin XCConfigurationList section */
		6934D6DF1C7D226700253C3E /* Build configuration list for PBXProject "HW 4" */ = {
			isa = XCConfigurationList;
			buildConfigurations = (
				6934D6F41C7D226700253C3E /* Debug */,
				6934D6F51C7D226700253C3E /* Release */,
			);
			defaultConfigurationIsVisible = 0;
			defaultConfigurationName = Release;
		};
		6934D6F61C7D226700253C3E /* Build configuration list for PBXNativeTarget "HW 4" */ = {
			isa = XCConfigurationList;
			buildConfigurations = (
				6934D6F71C7D226700253C3E /* Debug */,
				6934D6F81C7D226700253C3E /* Release */,
			);
			defaultConfigurationIsVisible = 0;
			defaultConfigurationName = Release;
		};
/* End XCConfigurationList section */
	};
	rootObject = 6934D6DC1C7D226700253C3E /* Project object */;
}
